PODS:
  - PixelEditor (0.2.1):
    - PixelEngine (~> 0.2.0)
    - TransitionPatch (~> 1.0.0)
  - PixelEngine (0.2.1)
  - TagListView (1.4.0)
  - TransitionPatch (1.0.2)

DEPENDENCIES:
  - PixelEditor
  - PixelEngine
  - TagListView (~> 1.0)

SPEC REPOS:
  trunk:
    - PixelEditor
    - PixelEngine
    - TagListView
    - TransitionPatch

SPEC CHECKSUMS:
  PixelEditor: 2982b2c613111b809662f8f91e29f1b0204ff1b6
  PixelEngine: d0684b3e0d3efb348d13cea320731dedaf3f4965
  TagListView: 987b0bdbb16cd9d9e7c0e2ec32aff37ecba8b173
  TransitionPatch: c02b48b1429255b14ef82b7e411034e0958b9681

PODFILE CHECKSUM: 6534885c4db59d2099796756f50b1a5a7b24f200

COCOAPODS: 1.9.1
