// !$*UTF8*$!
{
	archiveVersion = 1;
	classes = {
	};
	objectVersion = 51;
	objects = {

/* Begin PBXBuildFile section */
		0A0CF07C246964540033BB4E /* AppDelegate.swift in Sources */ = {isa = PBXBuildFile; fileRef = 0A0CF07B246964540033BB4E /* AppDelegate.swift */; };
		0A0CF07E246964540033BB4E /* SceneDelegate.swift in Sources */ = {isa = PBXBuildFile; fileRef = 0A0CF07D246964540033BB4E /* SceneDelegate.swift */; };
		0A0CF080246964540033BB4E /* AtelierCollectionView.swift in Sources */ = {isa = PBXBuildFile; fileRef = 0A0CF07F246964540033BB4E /* AtelierCollectionView.swift */; };
		0A0CF082246964540033BB4E /* SecondViewController.swift in Sources */ = {isa = PBXBuildFile; fileRef = 0A0CF081246964540033BB4E /* SecondViewController.swift */; };
		0A0CF087246964560033BB4E /* Assets.xcassets in Resources */ = {isa = PBXBuildFile; fileRef = 0A0CF086246964560033BB4E /* Assets.xcassets */; };
		0A0CF08A246964560033BB4E /* LaunchScreen.storyboard in Resources */ = {isa = PBXBuildFile; fileRef = 0A0CF088246964560033BB4E /* LaunchScreen.storyboard */; };
		0A0CF095246964560033BB4E /* PhotomorganaTests.swift in Sources */ = {isa = PBXBuildFile; fileRef = 0A0CF094246964560033BB4E /* PhotomorganaTests.swift */; };
		0A0CF0A0246964560033BB4E /* PhotomorganaUITests.swift in Sources */ = {isa = PBXBuildFile; fileRef = 0A0CF09F246964560033BB4E /* PhotomorganaUITests.swift */; };
		0A0CF0AE246967600033BB4E /* ThirdViewController.swift in Sources */ = {isa = PBXBuildFile; fileRef = 0A0CF0AD246967600033BB4E /* ThirdViewController.swift */; };
		0A1236532476ECD4009F6EC1 /* BottomSheet.swift in Sources */ = {isa = PBXBuildFile; fileRef = 0A1236522476ECD4009F6EC1 /* BottomSheet.swift */; };
		0A55FC122476A01D00605CF1 /* EditViewController.swift in Sources */ = {isa = PBXBuildFile; fileRef = 0A55FC112476A01D00605CF1 /* EditViewController.swift */; };
		0A78BECB24696D7900D7A530 /* SF-Pro-Text-Black.otf in Resources */ = {isa = PBXBuildFile; fileRef = 0A78BEBF24696D6000D7A530 /* SF-Pro-Text-Black.otf */; };
		0A78BECC24696D7900D7A530 /* SF-Pro-Text-BlackItalic.otf in Resources */ = {isa = PBXBuildFile; fileRef = 0A78BECA24696D6100D7A530 /* SF-Pro-Text-BlackItalic.otf */; };
		0A78BECD24696D7900D7A530 /* SF-Pro-Text-Bold.otf in Resources */ = {isa = PBXBuildFile; fileRef = 0A78BEC024696D6000D7A530 /* SF-Pro-Text-Bold.otf */; };
		0A78BECE24696D7900D7A530 /* SF-Pro-Text-BoldItalic.otf in Resources */ = {isa = PBXBuildFile; fileRef = 0A78BEC824696D6100D7A530 /* SF-Pro-Text-BoldItalic.otf */; };
		0A78BECF24696D7900D7A530 /* SF-Pro-Text-Heavy.otf in Resources */ = {isa = PBXBuildFile; fileRef = 0A78BEC524696D6000D7A530 /* SF-Pro-Text-Heavy.otf */; };
		0A78BED024696D7900D7A530 /* SF-Pro-Text-HeavyItalic.otf in Resources */ = {isa = PBXBuildFile; fileRef = 0A78BEC324696D6000D7A530 /* SF-Pro-Text-HeavyItalic.otf */; };
		0A78BED124696D7900D7A530 /* SF-Pro-Text-Light.otf in Resources */ = {isa = PBXBuildFile; fileRef = 0A78BEBB24696D5F00D7A530 /* SF-Pro-Text-Light.otf */; };
		0A78BED224696D7900D7A530 /* SF-Pro-Text-LightItalic.otf in Resources */ = {isa = PBXBuildFile; fileRef = 0A78BEBC24696D5F00D7A530 /* SF-Pro-Text-LightItalic.otf */; };
		0A78BED324696D7900D7A530 /* SF-Pro-Text-Medium.otf in Resources */ = {isa = PBXBuildFile; fileRef = 0A78BEC424696D6000D7A530 /* SF-Pro-Text-Medium.otf */; };
		0A78BED424696D7900D7A530 /* SF-Pro-Text-MediumItalic.otf in Resources */ = {isa = PBXBuildFile; fileRef = 0A78BEB924696D5F00D7A530 /* SF-Pro-Text-MediumItalic.otf */; };
		0A78BED524696D7900D7A530 /* SF-Pro-Text-Regular.otf in Resources */ = {isa = PBXBuildFile; fileRef = 0A78BEBA24696D5F00D7A530 /* SF-Pro-Text-Regular.otf */; };
		0A78BED624696D7900D7A530 /* SF-Pro-Text-RegularItalic.otf in Resources */ = {isa = PBXBuildFile; fileRef = 0A78BEC924696D6100D7A530 /* SF-Pro-Text-RegularItalic.otf */; };
		0A78BED724696D7900D7A530 /* SF-Pro-Text-Semibold.otf in Resources */ = {isa = PBXBuildFile; fileRef = 0A78BEC124696D6000D7A530 /* SF-Pro-Text-Semibold.otf */; };
		0A78BED824696D7900D7A530 /* SF-Pro-Text-SemiboldItalic.otf in Resources */ = {isa = PBXBuildFile; fileRef = 0A78BEBE24696D6000D7A530 /* SF-Pro-Text-SemiboldItalic.otf */; };
		0A78BED924696D7900D7A530 /* SF-Pro-Text-Thin.otf in Resources */ = {isa = PBXBuildFile; fileRef = 0A78BEC224696D6000D7A530 /* SF-Pro-Text-Thin.otf */; };
		0A78BEDA24696D7900D7A530 /* SF-Pro-Text-ThinItalic.otf in Resources */ = {isa = PBXBuildFile; fileRef = 0A78BEC724696D6100D7A530 /* SF-Pro-Text-ThinItalic.otf */; };
		0A78BEDB24696D7900D7A530 /* SF-Pro-Text-Ultralight.otf in Resources */ = {isa = PBXBuildFile; fileRef = 0A78BEC624696D6000D7A530 /* SF-Pro-Text-Ultralight.otf */; };
		0A78BEDC24696D7900D7A530 /* SF-Pro-Text-UltralightItalic.otf in Resources */ = {isa = PBXBuildFile; fileRef = 0A78BEBD24696D5F00D7A530 /* SF-Pro-Text-UltralightItalic.otf */; };
		0A7BDFAD24725CFC00655024 /* Main.storyboard in Resources */ = {isa = PBXBuildFile; fileRef = 0A7BDFAC24725CFC00655024 /* Main.storyboard */; };
		0AF1F9A224728A28000CD720 /* Photos.framework in Frameworks */ = {isa = PBXBuildFile; fileRef = 0AF1F9A124728A28000CD720 /* Photos.framework */; };
		0D239F6F8729DBBB319FF0A5 /* Pods_PhotomorganaTests.framework in Frameworks */ = {isa = PBXBuildFile; fileRef = 18EF41AD60FBEEFD2BDCF0F3 /* Pods_PhotomorganaTests.framework */; };
		3D7EFAFA247D260400B2785A /* Explore.storyboard in Resources */ = {isa = PBXBuildFile; fileRef = 3D7EFAF9247D260400B2785A /* Explore.storyboard */; };
		83092A6A3240A9C9A9DFA82F /* Pods_Photomorgana.framework in Frameworks */ = {isa = PBXBuildFile; fileRef = BBAECA659D5BD74728592041 /* Pods_Photomorgana.framework */; };
		B30396497BA85B607B297799 /* Pods_Photomorgana_PhotomorganaUITests.framework in Frameworks */ = {isa = PBXBuildFile; fileRef = C46C190C6A3C0B9F6787FFD8 /* Pods_Photomorgana_PhotomorganaUITests.framework */; };
/* End PBXBuildFile section */

/* Begin PBXContainerItemProxy section */
		0A0CF091246964560033BB4E /* PBXContainerItemProxy */ = {
			isa = PBXContainerItemProxy;
			containerPortal = 0A0CF070246964540033BB4E /* Project object */;
			proxyType = 1;
			remoteGlobalIDString = 0A0CF077246964540033BB4E;
			remoteInfo = Photomorgana;
		};
		0A0CF09C246964560033BB4E /* PBXContainerItemProxy */ = {
			isa = PBXContainerItemProxy;
			containerPortal = 0A0CF070246964540033BB4E /* Project object */;
			proxyType = 1;
			remoteGlobalIDString = 0A0CF077246964540033BB4E;
			remoteInfo = Photomorgana;
		};
/* End PBXContainerItemProxy section */

/* Begin PBXFileReference section */
		0A0CF078246964540033BB4E /* Photomorgana.app */ = {isa = PBXFileReference; explicitFileType = wrapper.application; includeInIndex = 0; path = Photomorgana.app; sourceTree = BUILT_PRODUCTS_DIR; };
		0A0CF07B246964540033BB4E /* AppDelegate.swift */ = {isa = PBXFileReference; lastKnownFileType = sourcecode.swift; path = AppDelegate.swift; sourceTree = "<group>"; };
		0A0CF07D246964540033BB4E /* SceneDelegate.swift */ = {isa = PBXFileReference; lastKnownFileType = sourcecode.swift; path = SceneDelegate.swift; sourceTree = "<group>"; };
		0A0CF07F246964540033BB4E /* AtelierCollectionView.swift */ = {isa = PBXFileReference; lastKnownFileType = sourcecode.swift; path = AtelierCollectionView.swift; sourceTree = "<group>"; };
		0A0CF081246964540033BB4E /* SecondViewController.swift */ = {isa = PBXFileReference; lastKnownFileType = sourcecode.swift; path = SecondViewController.swift; sourceTree = "<group>"; };
		0A0CF086246964560033BB4E /* Assets.xcassets */ = {isa = PBXFileReference; lastKnownFileType = folder.assetcatalog; path = Assets.xcassets; sourceTree = "<group>"; };
		0A0CF089246964560033BB4E /* Base */ = {isa = PBXFileReference; lastKnownFileType = file.storyboard; name = Base; path = Base.lproj/LaunchScreen.storyboard; sourceTree = "<group>"; };
		0A0CF08B246964560033BB4E /* Info.plist */ = {isa = PBXFileReference; lastKnownFileType = text.plist.xml; path = Info.plist; sourceTree = "<group>"; };
		0A0CF090246964560033BB4E /* PhotomorganaTests.xctest */ = {isa = PBXFileReference; explicitFileType = wrapper.cfbundle; includeInIndex = 0; path = PhotomorganaTests.xctest; sourceTree = BUILT_PRODUCTS_DIR; };
		0A0CF094246964560033BB4E /* PhotomorganaTests.swift */ = {isa = PBXFileReference; lastKnownFileType = sourcecode.swift; path = PhotomorganaTests.swift; sourceTree = "<group>"; };
		0A0CF096246964560033BB4E /* Info.plist */ = {isa = PBXFileReference; lastKnownFileType = text.plist.xml; path = Info.plist; sourceTree = "<group>"; };
		0A0CF09B246964560033BB4E /* PhotomorganaUITests.xctest */ = {isa = PBXFileReference; explicitFileType = wrapper.cfbundle; includeInIndex = 0; path = PhotomorganaUITests.xctest; sourceTree = BUILT_PRODUCTS_DIR; };
		0A0CF09F246964560033BB4E /* PhotomorganaUITests.swift */ = {isa = PBXFileReference; lastKnownFileType = sourcecode.swift; path = PhotomorganaUITests.swift; sourceTree = "<group>"; };
		0A0CF0A1246964560033BB4E /* Info.plist */ = {isa = PBXFileReference; lastKnownFileType = text.plist.xml; path = Info.plist; sourceTree = "<group>"; };
		0A0CF0AD246967600033BB4E /* ThirdViewController.swift */ = {isa = PBXFileReference; lastKnownFileType = sourcecode.swift; path = ThirdViewController.swift; sourceTree = "<group>"; };
		0A1236522476ECD4009F6EC1 /* BottomSheet.swift */ = {isa = PBXFileReference; lastKnownFileType = sourcecode.swift; path = BottomSheet.swift; sourceTree = "<group>"; };
		0A55FC112476A01D00605CF1 /* EditViewController.swift */ = {isa = PBXFileReference; lastKnownFileType = sourcecode.swift; path = EditViewController.swift; sourceTree = "<group>"; };
		0A78BEB924696D5F00D7A530 /* SF-Pro-Text-MediumItalic.otf */ = {isa = PBXFileReference; lastKnownFileType = file; path = "SF-Pro-Text-MediumItalic.otf"; sourceTree = "<group>"; };
		0A78BEBA24696D5F00D7A530 /* SF-Pro-Text-Regular.otf */ = {isa = PBXFileReference; lastKnownFileType = file; path = "SF-Pro-Text-Regular.otf"; sourceTree = "<group>"; };
		0A78BEBB24696D5F00D7A530 /* SF-Pro-Text-Light.otf */ = {isa = PBXFileReference; lastKnownFileType = file; path = "SF-Pro-Text-Light.otf"; sourceTree = "<group>"; };
		0A78BEBC24696D5F00D7A530 /* SF-Pro-Text-LightItalic.otf */ = {isa = PBXFileReference; lastKnownFileType = file; path = "SF-Pro-Text-LightItalic.otf"; sourceTree = "<group>"; };
		0A78BEBD24696D5F00D7A530 /* SF-Pro-Text-UltralightItalic.otf */ = {isa = PBXFileReference; lastKnownFileType = file; path = "SF-Pro-Text-UltralightItalic.otf"; sourceTree = "<group>"; };
		0A78BEBE24696D6000D7A530 /* SF-Pro-Text-SemiboldItalic.otf */ = {isa = PBXFileReference; lastKnownFileType = file; path = "SF-Pro-Text-SemiboldItalic.otf"; sourceTree = "<group>"; };
		0A78BEBF24696D6000D7A530 /* SF-Pro-Text-Black.otf */ = {isa = PBXFileReference; lastKnownFileType = file; path = "SF-Pro-Text-Black.otf"; sourceTree = "<group>"; };
		0A78BEC024696D6000D7A530 /* SF-Pro-Text-Bold.otf */ = {isa = PBXFileReference; lastKnownFileType = file; path = "SF-Pro-Text-Bold.otf"; sourceTree = "<group>"; };
		0A78BEC124696D6000D7A530 /* SF-Pro-Text-Semibold.otf */ = {isa = PBXFileReference; lastKnownFileType = file; path = "SF-Pro-Text-Semibold.otf"; sourceTree = "<group>"; };
		0A78BEC224696D6000D7A530 /* SF-Pro-Text-Thin.otf */ = {isa = PBXFileReference; lastKnownFileType = file; path = "SF-Pro-Text-Thin.otf"; sourceTree = "<group>"; };
		0A78BEC324696D6000D7A530 /* SF-Pro-Text-HeavyItalic.otf */ = {isa = PBXFileReference; lastKnownFileType = file; path = "SF-Pro-Text-HeavyItalic.otf"; sourceTree = "<group>"; };
		0A78BEC424696D6000D7A530 /* SF-Pro-Text-Medium.otf */ = {isa = PBXFileReference; lastKnownFileType = file; path = "SF-Pro-Text-Medium.otf"; sourceTree = "<group>"; };
		0A78BEC524696D6000D7A530 /* SF-Pro-Text-Heavy.otf */ = {isa = PBXFileReference; lastKnownFileType = file; path = "SF-Pro-Text-Heavy.otf"; sourceTree = "<group>"; };
		0A78BEC624696D6000D7A530 /* SF-Pro-Text-Ultralight.otf */ = {isa = PBXFileReference; lastKnownFileType = file; path = "SF-Pro-Text-Ultralight.otf"; sourceTree = "<group>"; };
		0A78BEC724696D6100D7A530 /* SF-Pro-Text-ThinItalic.otf */ = {isa = PBXFileReference; lastKnownFileType = file; path = "SF-Pro-Text-ThinItalic.otf"; sourceTree = "<group>"; };
		0A78BEC824696D6100D7A530 /* SF-Pro-Text-BoldItalic.otf */ = {isa = PBXFileReference; lastKnownFileType = file; path = "SF-Pro-Text-BoldItalic.otf"; sourceTree = "<group>"; };
		0A78BEC924696D6100D7A530 /* SF-Pro-Text-RegularItalic.otf */ = {isa = PBXFileReference; lastKnownFileType = file; path = "SF-Pro-Text-RegularItalic.otf"; sourceTree = "<group>"; };
		0A78BECA24696D6100D7A530 /* SF-Pro-Text-BlackItalic.otf */ = {isa = PBXFileReference; lastKnownFileType = file; path = "SF-Pro-Text-BlackItalic.otf"; sourceTree = "<group>"; };
		0A7BDFAC24725CFC00655024 /* Main.storyboard */ = {isa = PBXFileReference; fileEncoding = 4; lastKnownFileType = file.storyboard; path = Main.storyboard; sourceTree = "<group>"; };
		0A7BDFD1247272AF00655024 /* Photomorgana copy-Info.plist */ = {isa = PBXFileReference; lastKnownFileType = text.plist.xml; name = "Photomorgana copy-Info.plist"; path = "/Users/hilmyghozy/Library/Mobile Documents/com~apple~CloudDocs/Xcode /Photomorgana/Photomorgana copy-Info.plist"; sourceTree = "<absolute>"; };
		0AF1F9A124728A28000CD720 /* Photos.framework */ = {isa = PBXFileReference; lastKnownFileType = wrapper.framework; name = Photos.framework; path = System/Library/Frameworks/Photos.framework; sourceTree = SDKROOT; };
		16A68E7B1FE807D5C1ED31C8 /* Pods-PhotomorganaTests.release.xcconfig */ = {isa = PBXFileReference; includeInIndex = 1; lastKnownFileType = text.xcconfig; name = "Pods-PhotomorganaTests.release.xcconfig"; path = "Target Support Files/Pods-PhotomorganaTests/Pods-PhotomorganaTests.release.xcconfig"; sourceTree = "<group>"; };
		18EF41AD60FBEEFD2BDCF0F3 /* Pods_PhotomorganaTests.framework */ = {isa = PBXFileReference; explicitFileType = wrapper.framework; includeInIndex = 0; path = Pods_PhotomorganaTests.framework; sourceTree = BUILT_PRODUCTS_DIR; };
		3D7EFAF9247D260400B2785A /* Explore.storyboard */ = {isa = PBXFileReference; lastKnownFileType = file.storyboard; path = Explore.storyboard; sourceTree = "<group>"; };
		3DCA61CF247B81820058E078 /* SignUpOrLogIn.storyboard */ = {isa = PBXFileReference; lastKnownFileType = file.storyboard; path = SignUpOrLogIn.storyboard; sourceTree = "<group>"; };
		3DCA61D0247B81820058E078 /* ProfileTab.storyboard */ = {isa = PBXFileReference; lastKnownFileType = file.storyboard; path = ProfileTab.storyboard; sourceTree = "<group>"; };
		3DCA61D1247B81830058E078 /* Settings.storyboard */ = {isa = PBXFileReference; lastKnownFileType = file.storyboard; path = Settings.storyboard; sourceTree = "<group>"; };
		AB65C04F08212E45DF3706EE /* Pods-Photomorgana.debug.xcconfig */ = {isa = PBXFileReference; includeInIndex = 1; lastKnownFileType = text.xcconfig; name = "Pods-Photomorgana.debug.xcconfig"; path = "Target Support Files/Pods-Photomorgana/Pods-Photomorgana.debug.xcconfig"; sourceTree = "<group>"; };
		BBAECA659D5BD74728592041 /* Pods_Photomorgana.framework */ = {isa = PBXFileReference; explicitFileType = wrapper.framework; includeInIndex = 0; path = Pods_Photomorgana.framework; sourceTree = BUILT_PRODUCTS_DIR; };
		BEFE2117D243E03BD5C42C52 /* Pods-Photomorgana-PhotomorganaUITests.release.xcconfig */ = {isa = PBXFileReference; includeInIndex = 1; lastKnownFileType = text.xcconfig; name = "Pods-Photomorgana-PhotomorganaUITests.release.xcconfig"; path = "Target Support Files/Pods-Photomorgana-PhotomorganaUITests/Pods-Photomorgana-PhotomorganaUITests.release.xcconfig"; sourceTree = "<group>"; };
		C2635DFC224FAB1B1050873C /* Pods-Photomorgana-PhotomorganaUITests.debug.xcconfig */ = {isa = PBXFileReference; includeInIndex = 1; lastKnownFileType = text.xcconfig; name = "Pods-Photomorgana-PhotomorganaUITests.debug.xcconfig"; path = "Target Support Files/Pods-Photomorgana-PhotomorganaUITests/Pods-Photomorgana-PhotomorganaUITests.debug.xcconfig"; sourceTree = "<group>"; };
		C46C190C6A3C0B9F6787FFD8 /* Pods_Photomorgana_PhotomorganaUITests.framework */ = {isa = PBXFileReference; explicitFileType = wrapper.framework; includeInIndex = 0; path = Pods_Photomorgana_PhotomorganaUITests.framework; sourceTree = BUILT_PRODUCTS_DIR; };
		C4F69572F4C0962F7A9A2A8A /* Pods-Photomorgana.release.xcconfig */ = {isa = PBXFileReference; includeInIndex = 1; lastKnownFileType = text.xcconfig; name = "Pods-Photomorgana.release.xcconfig"; path = "Target Support Files/Pods-Photomorgana/Pods-Photomorgana.release.xcconfig"; sourceTree = "<group>"; };
		C8E2B3514FE581FB0DC52C13 /* Pods-PhotomorganaTests.debug.xcconfig */ = {isa = PBXFileReference; includeInIndex = 1; lastKnownFileType = text.xcconfig; name = "Pods-PhotomorganaTests.debug.xcconfig"; path = "Target Support Files/Pods-PhotomorganaTests/Pods-PhotomorganaTests.debug.xcconfig"; sourceTree = "<group>"; };
/* End PBXFileReference section */

/* Begin PBXFrameworksBuildPhase section */
		0A0CF075246964540033BB4E /* Frameworks */ = {
			isa = PBXFrameworksBuildPhase;
			buildActionMask = 2147483647;
			files = (
				0AF1F9A224728A28000CD720 /* Photos.framework in Frameworks */,
				83092A6A3240A9C9A9DFA82F /* Pods_Photomorgana.framework in Frameworks */,
			);
			runOnlyForDeploymentPostprocessing = 0;
		};
		0A0CF08D246964560033BB4E /* Frameworks */ = {
			isa = PBXFrameworksBuildPhase;
			buildActionMask = 2147483647;
			files = (
				0D239F6F8729DBBB319FF0A5 /* Pods_PhotomorganaTests.framework in Frameworks */,
			);
			runOnlyForDeploymentPostprocessing = 0;
		};
		0A0CF098246964560033BB4E /* Frameworks */ = {
			isa = PBXFrameworksBuildPhase;
			buildActionMask = 2147483647;
			files = (
				B30396497BA85B607B297799 /* Pods_Photomorgana_PhotomorganaUITests.framework in Frameworks */,
			);
			runOnlyForDeploymentPostprocessing = 0;
		};
/* End PBXFrameworksBuildPhase section */

/* Begin PBXGroup section */
		0A0CF06F246964540033BB4E = {
			isa = PBXGroup;
			children = (
				0A0CF07A246964540033BB4E /* Photomorgana */,
				0A0CF093246964560033BB4E /* PhotomorganaTests */,
				0A0CF09E246964560033BB4E /* PhotomorganaUITests */,
				0A0CF079246964540033BB4E /* Products */,
				0A78BEB824696D4900D7A530 /* Fonts */,
				0A7BDFD1247272AF00655024 /* Photomorgana copy-Info.plist */,
				0AF1F9A024728A28000CD720 /* Frameworks */,
				52D65866918F720E0D2F63B5 /* Pods */,
			);
			sourceTree = "<group>";
		};
		0A0CF079246964540033BB4E /* Products */ = {
			isa = PBXGroup;
			children = (
				0A0CF078246964540033BB4E /* Photomorgana.app */,
				0A0CF090246964560033BB4E /* PhotomorganaTests.xctest */,
				0A0CF09B246964560033BB4E /* PhotomorganaUITests.xctest */,
			);
			name = Products;
			sourceTree = "<group>";
		};
		0A0CF07A246964540033BB4E /* Photomorgana */ = {
			isa = PBXGroup;
			children = (
				3DCA61CA247B813E0058E078 /* Storyboard */,
				0A55FC102476A00600605CF1 /* Atelier */,
				0A0CF07B246964540033BB4E /* AppDelegate.swift */,
				0A0CF07D246964540033BB4E /* SceneDelegate.swift */,
				0A0CF081246964540033BB4E /* SecondViewController.swift */,
				0A0CF0AD246967600033BB4E /* ThirdViewController.swift */,
				0A0CF086246964560033BB4E /* Assets.xcassets */,
				0A0CF088246964560033BB4E /* LaunchScreen.storyboard */,
				0A0CF08B246964560033BB4E /* Info.plist */,
				0A1236522476ECD4009F6EC1 /* BottomSheet.swift */,
			);
			path = Photomorgana;
			sourceTree = "<group>";
		};
		0A0CF093246964560033BB4E /* PhotomorganaTests */ = {
			isa = PBXGroup;
			children = (
				0A0CF094246964560033BB4E /* PhotomorganaTests.swift */,
				0A0CF096246964560033BB4E /* Info.plist */,
			);
			path = PhotomorganaTests;
			sourceTree = "<group>";
		};
		0A0CF09E246964560033BB4E /* PhotomorganaUITests */ = {
			isa = PBXGroup;
			children = (
				0A0CF09F246964560033BB4E /* PhotomorganaUITests.swift */,
				0A0CF0A1246964560033BB4E /* Info.plist */,
			);
			path = PhotomorganaUITests;
			sourceTree = "<group>";
		};
		0A55FC102476A00600605CF1 /* Atelier */ = {
			isa = PBXGroup;
			children = (
				0A55FC112476A01D00605CF1 /* EditViewController.swift */,
				0A0CF07F246964540033BB4E /* AtelierCollectionView.swift */,
			);
			path = Atelier;
			sourceTree = "<group>";
		};
		0A78BEB824696D4900D7A530 /* Fonts */ = {
			isa = PBXGroup;
			children = (
				0A78BEBF24696D6000D7A530 /* SF-Pro-Text-Black.otf */,
				0A78BECA24696D6100D7A530 /* SF-Pro-Text-BlackItalic.otf */,
				0A78BEC024696D6000D7A530 /* SF-Pro-Text-Bold.otf */,
				0A78BEC824696D6100D7A530 /* SF-Pro-Text-BoldItalic.otf */,
				0A78BEC524696D6000D7A530 /* SF-Pro-Text-Heavy.otf */,
				0A78BEC324696D6000D7A530 /* SF-Pro-Text-HeavyItalic.otf */,
				0A78BEBB24696D5F00D7A530 /* SF-Pro-Text-Light.otf */,
				0A78BEBC24696D5F00D7A530 /* SF-Pro-Text-LightItalic.otf */,
				0A78BEC424696D6000D7A530 /* SF-Pro-Text-Medium.otf */,
				0A78BEB924696D5F00D7A530 /* SF-Pro-Text-MediumItalic.otf */,
				0A78BEBA24696D5F00D7A530 /* SF-Pro-Text-Regular.otf */,
				0A78BEC924696D6100D7A530 /* SF-Pro-Text-RegularItalic.otf */,
				0A78BEC124696D6000D7A530 /* SF-Pro-Text-Semibold.otf */,
				0A78BEBE24696D6000D7A530 /* SF-Pro-Text-SemiboldItalic.otf */,
				0A78BEC224696D6000D7A530 /* SF-Pro-Text-Thin.otf */,
				0A78BEC724696D6100D7A530 /* SF-Pro-Text-ThinItalic.otf */,
				0A78BEC624696D6000D7A530 /* SF-Pro-Text-Ultralight.otf */,
				0A78BEBD24696D5F00D7A530 /* SF-Pro-Text-UltralightItalic.otf */,
			);
			path = Fonts;
			sourceTree = "<group>";
		};
		0AF1F9A024728A28000CD720 /* Frameworks */ = {
			isa = PBXGroup;
			children = (
				0AF1F9A124728A28000CD720 /* Photos.framework */,
				BBAECA659D5BD74728592041 /* Pods_Photomorgana.framework */,
				C46C190C6A3C0B9F6787FFD8 /* Pods_Photomorgana_PhotomorganaUITests.framework */,
				18EF41AD60FBEEFD2BDCF0F3 /* Pods_PhotomorganaTests.framework */,
			);
			name = Frameworks;
			sourceTree = "<group>";
		};
		3DCA61CA247B813E0058E078 /* Storyboard */ = {
			isa = PBXGroup;
			children = (
				3DCA61D0247B81820058E078 /* ProfileTab.storyboard */,
				3DCA61D1247B81830058E078 /* Settings.storyboard */,
				3DCA61CF247B81820058E078 /* SignUpOrLogIn.storyboard */,
				0A7BDFAC24725CFC00655024 /* Main.storyboard */,
				3D7EFAF9247D260400B2785A /* Explore.storyboard */,
			);
			path = Storyboard;
			sourceTree = "<group>";
		};
		52D65866918F720E0D2F63B5 /* Pods */ = {
			isa = PBXGroup;
			children = (
				AB65C04F08212E45DF3706EE /* Pods-Photomorgana.debug.xcconfig */,
				C4F69572F4C0962F7A9A2A8A /* Pods-Photomorgana.release.xcconfig */,
				C2635DFC224FAB1B1050873C /* Pods-Photomorgana-PhotomorganaUITests.debug.xcconfig */,
				BEFE2117D243E03BD5C42C52 /* Pods-Photomorgana-PhotomorganaUITests.release.xcconfig */,
				C8E2B3514FE581FB0DC52C13 /* Pods-PhotomorganaTests.debug.xcconfig */,
				16A68E7B1FE807D5C1ED31C8 /* Pods-PhotomorganaTests.release.xcconfig */,
			);
			path = Pods;
			sourceTree = "<group>";
		};
/* End PBXGroup section */

/* Begin PBXNativeTarget section */
		0A0CF077246964540033BB4E /* Photomorgana */ = {
			isa = PBXNativeTarget;
			buildConfigurationList = 0A0CF0A4246964560033BB4E /* Build configuration list for PBXNativeTarget "Photomorgana" */;
			buildPhases = (
				30DCF3A646D2987A214C8E5B /* [CP] Check Pods Manifest.lock */,
				0A0CF074246964540033BB4E /* Sources */,
				0A0CF075246964540033BB4E /* Frameworks */,
				0A0CF076246964540033BB4E /* Resources */,
				4F2E65FD1F35C495BFAB8851 /* [CP] Embed Pods Frameworks */,
			);
			buildRules = (
			);
			dependencies = (
			);
			name = Photomorgana;
			productName = Photomorgana;
			productReference = 0A0CF078246964540033BB4E /* Photomorgana.app */;
			productType = "com.apple.product-type.application";
		};
		0A0CF08F246964560033BB4E /* PhotomorganaTests */ = {
			isa = PBXNativeTarget;
			buildConfigurationList = 0A0CF0A7246964560033BB4E /* Build configuration list for PBXNativeTarget "PhotomorganaTests" */;
			buildPhases = (
				3039EEC65B05A41545A6220D /* [CP] Check Pods Manifest.lock */,
				0A0CF08C246964560033BB4E /* Sources */,
				0A0CF08D246964560033BB4E /* Frameworks */,
				0A0CF08E246964560033BB4E /* Resources */,
			);
			buildRules = (
			);
			dependencies = (
				0A0CF092246964560033BB4E /* PBXTargetDependency */,
			);
			name = PhotomorganaTests;
			productName = PhotomorganaTests;
			productReference = 0A0CF090246964560033BB4E /* PhotomorganaTests.xctest */;
			productType = "com.apple.product-type.bundle.unit-test";
		};
		0A0CF09A246964560033BB4E /* PhotomorganaUITests */ = {
			isa = PBXNativeTarget;
			buildConfigurationList = 0A0CF0AA246964560033BB4E /* Build configuration list for PBXNativeTarget "PhotomorganaUITests" */;
			buildPhases = (
				EDE0E0BD562FF156306F0A3B /* [CP] Check Pods Manifest.lock */,
				0A0CF097246964560033BB4E /* Sources */,
				0A0CF098246964560033BB4E /* Frameworks */,
				0A0CF099246964560033BB4E /* Resources */,
				F47E70E77E4D23E6E4381318 /* [CP] Embed Pods Frameworks */,
			);
			buildRules = (
			);
			dependencies = (
				0A0CF09D246964560033BB4E /* PBXTargetDependency */,
			);
			name = PhotomorganaUITests;
			productName = PhotomorganaUITests;
			productReference = 0A0CF09B246964560033BB4E /* PhotomorganaUITests.xctest */;
			productType = "com.apple.product-type.bundle.ui-testing";
		};
/* End PBXNativeTarget section */

/* Begin PBXProject section */
		0A0CF070246964540033BB4E /* Project object */ = {
			isa = PBXProject;
			attributes = {
				LastSwiftUpdateCheck = 1140;
				LastUpgradeCheck = 1140;
				ORGANIZATIONNAME = "hilmy ghozy";
				TargetAttributes = {
					0A0CF077246964540033BB4E = {
						CreatedOnToolsVersion = 11.4.1;
					};
					0A0CF08F246964560033BB4E = {
						CreatedOnToolsVersion = 11.4.1;
						TestTargetID = 0A0CF077246964540033BB4E;
					};
					0A0CF09A246964560033BB4E = {
						CreatedOnToolsVersion = 11.4.1;
						TestTargetID = 0A0CF077246964540033BB4E;
					};
				};
			};
			buildConfigurationList = 0A0CF073246964540033BB4E /* Build configuration list for PBXProject "Photomorgana" */;
			compatibilityVersion = "Xcode 9.3";
			developmentRegion = en;
			hasScannedForEncodings = 0;
			knownRegions = (
				en,
				Base,
			);
			mainGroup = 0A0CF06F246964540033BB4E;
			productRefGroup = 0A0CF079246964540033BB4E /* Products */;
			projectDirPath = "";
			projectRoot = "";
			targets = (
				0A0CF077246964540033BB4E /* Photomorgana */,
				0A0CF08F246964560033BB4E /* PhotomorganaTests */,
				0A0CF09A246964560033BB4E /* PhotomorganaUITests */,
			);
		};
/* End PBXProject section */

/* Begin PBXResourcesBuildPhase section */
		0A0CF076246964540033BB4E /* Resources */ = {
			isa = PBXResourcesBuildPhase;
			buildActionMask = 2147483647;
			files = (
				0A7BDFAD24725CFC00655024 /* Main.storyboard in Resources */,
				0A78BEDC24696D7900D7A530 /* SF-Pro-Text-UltralightItalic.otf in Resources */,
				0A0CF08A246964560033BB4E /* LaunchScreen.storyboard in Resources */,
				0A78BED424696D7900D7A530 /* SF-Pro-Text-MediumItalic.otf in Resources */,
				0A78BED224696D7900D7A530 /* SF-Pro-Text-LightItalic.otf in Resources */,
				0A78BECE24696D7900D7A530 /* SF-Pro-Text-BoldItalic.otf in Resources */,
				0A78BED724696D7900D7A530 /* SF-Pro-Text-Semibold.otf in Resources */,
				0A0CF087246964560033BB4E /* Assets.xcassets in Resources */,
				0A78BECD24696D7900D7A530 /* SF-Pro-Text-Bold.otf in Resources */,
				0A78BED524696D7900D7A530 /* SF-Pro-Text-Regular.otf in Resources */,
				0A78BED924696D7900D7A530 /* SF-Pro-Text-Thin.otf in Resources */,
				0A78BED624696D7900D7A530 /* SF-Pro-Text-RegularItalic.otf in Resources */,
				0A78BED124696D7900D7A530 /* SF-Pro-Text-Light.otf in Resources */,
				0A78BED824696D7900D7A530 /* SF-Pro-Text-SemiboldItalic.otf in Resources */,
				0A78BED024696D7900D7A530 /* SF-Pro-Text-HeavyItalic.otf in Resources */,
				0A78BED324696D7900D7A530 /* SF-Pro-Text-Medium.otf in Resources */,
				0A78BECB24696D7900D7A530 /* SF-Pro-Text-Black.otf in Resources */,
				0A78BECC24696D7900D7A530 /* SF-Pro-Text-BlackItalic.otf in Resources */,
				3D7EFAFA247D260400B2785A /* Explore.storyboard in Resources */,
				0A78BECF24696D7900D7A530 /* SF-Pro-Text-Heavy.otf in Resources */,
				0A78BEDA24696D7900D7A530 /* SF-Pro-Text-ThinItalic.otf in Resources */,
				0A78BEDB24696D7900D7A530 /* SF-Pro-Text-Ultralight.otf in Resources */,
			);
			runOnlyForDeploymentPostprocessing = 0;
		};
		0A0CF08E246964560033BB4E /* Resources */ = {
			isa = PBXResourcesBuildPhase;
			buildActionMask = 2147483647;
			files = (
			);
			runOnlyForDeploymentPostprocessing = 0;
		};
		0A0CF099246964560033BB4E /* Resources */ = {
			isa = PBXResourcesBuildPhase;
			buildActionMask = 2147483647;
			files = (
			);
			runOnlyForDeploymentPostprocessing = 0;
		};
/* End PBXResourcesBuildPhase section */

/* Begin PBXShellScriptBuildPhase section */
		3039EEC65B05A41545A6220D /* [CP] Check Pods Manifest.lock */ = {
			isa = PBXShellScriptBuildPhase;
			buildActionMask = 2147483647;
			files = (
			);
			inputFileListPaths = (
			);
			inputPaths = (
				"${PODS_PODFILE_DIR_PATH}/Podfile.lock",
				"${PODS_ROOT}/Manifest.lock",
			);
			name = "[CP] Check Pods Manifest.lock";
			outputFileListPaths = (
			);
			outputPaths = (
				"$(DERIVED_FILE_DIR)/Pods-PhotomorganaTests-checkManifestLockResult.txt",
			);
			runOnlyForDeploymentPostprocessing = 0;
			shellPath = /bin/sh;
			shellScript = "diff \"${PODS_PODFILE_DIR_PATH}/Podfile.lock\" \"${PODS_ROOT}/Manifest.lock\" > /dev/null\nif [ $? != 0 ] ; then\n    # print error to STDERR\n    echo \"error: The sandbox is not in sync with the Podfile.lock. Run 'pod install' or update your CocoaPods installation.\" >&2\n    exit 1\nfi\n# This output is used by Xcode 'outputs' to avoid re-running this script phase.\necho \"SUCCESS\" > \"${SCRIPT_OUTPUT_FILE_0}\"\n";
			showEnvVarsInLog = 0;
		};
		30DCF3A646D2987A214C8E5B /* [CP] Check Pods Manifest.lock */ = {
			isa = PBXShellScriptBuildPhase;
			buildActionMask = 2147483647;
			files = (
			);
			inputFileListPaths = (
			);
			inputPaths = (
				"${PODS_PODFILE_DIR_PATH}/Podfile.lock",
				"${PODS_ROOT}/Manifest.lock",
			);
			name = "[CP] Check Pods Manifest.lock";
			outputFileListPaths = (
			);
			outputPaths = (
				"$(DERIVED_FILE_DIR)/Pods-Photomorgana-checkManifestLockResult.txt",
			);
			runOnlyForDeploymentPostprocessing = 0;
			shellPath = /bin/sh;
			shellScript = "diff \"${PODS_PODFILE_DIR_PATH}/Podfile.lock\" \"${PODS_ROOT}/Manifest.lock\" > /dev/null\nif [ $? != 0 ] ; then\n    # print error to STDERR\n    echo \"error: The sandbox is not in sync with the Podfile.lock. Run 'pod install' or update your CocoaPods installation.\" >&2\n    exit 1\nfi\n# This output is used by Xcode 'outputs' to avoid re-running this script phase.\necho \"SUCCESS\" > \"${SCRIPT_OUTPUT_FILE_0}\"\n";
			showEnvVarsInLog = 0;
		};
		4F2E65FD1F35C495BFAB8851 /* [CP] Embed Pods Frameworks */ = {
			isa = PBXShellScriptBuildPhase;
			buildActionMask = 2147483647;
			files = (
			);
			inputFileListPaths = (
				"${PODS_ROOT}/Target Support Files/Pods-Photomorgana/Pods-Photomorgana-frameworks-${CONFIGURATION}-input-files.xcfilelist",
			);
			name = "[CP] Embed Pods Frameworks";
			outputFileListPaths = (
				"${PODS_ROOT}/Target Support Files/Pods-Photomorgana/Pods-Photomorgana-frameworks-${CONFIGURATION}-output-files.xcfilelist",
			);
			runOnlyForDeploymentPostprocessing = 0;
			shellPath = /bin/sh;
			shellScript = "\"${PODS_ROOT}/Target Support Files/Pods-Photomorgana/Pods-Photomorgana-frameworks.sh\"\n";
			showEnvVarsInLog = 0;
		};
		EDE0E0BD562FF156306F0A3B /* [CP] Check Pods Manifest.lock */ = {
			isa = PBXShellScriptBuildPhase;
			buildActionMask = 2147483647;
			files = (
			);
			inputFileListPaths = (
			);
			inputPaths = (
				"${PODS_PODFILE_DIR_PATH}/Podfile.lock",
				"${PODS_ROOT}/Manifest.lock",
			);
			name = "[CP] Check Pods Manifest.lock";
			outputFileListPaths = (
			);
			outputPaths = (
				"$(DERIVED_FILE_DIR)/Pods-Photomorgana-PhotomorganaUITests-checkManifestLockResult.txt",
			);
			runOnlyForDeploymentPostprocessing = 0;
			shellPath = /bin/sh;
			shellScript = "diff \"${PODS_PODFILE_DIR_PATH}/Podfile.lock\" \"${PODS_ROOT}/Manifest.lock\" > /dev/null\nif [ $? != 0 ] ; then\n    # print error to STDERR\n    echo \"error: The sandbox is not in sync with the Podfile.lock. Run 'pod install' or update your CocoaPods installation.\" >&2\n    exit 1\nfi\n# This output is used by Xcode 'outputs' to avoid re-running this script phase.\necho \"SUCCESS\" > \"${SCRIPT_OUTPUT_FILE_0}\"\n";
			showEnvVarsInLog = 0;
		};
		F47E70E77E4D23E6E4381318 /* [CP] Embed Pods Frameworks */ = {
			isa = PBXShellScriptBuildPhase;
			buildActionMask = 2147483647;
			files = (
			);
			inputFileListPaths = (
				"${PODS_ROOT}/Target Support Files/Pods-Photomorgana-PhotomorganaUITests/Pods-Photomorgana-PhotomorganaUITests-frameworks-${CONFIGURATION}-input-files.xcfilelist",
			);
			name = "[CP] Embed Pods Frameworks";
			outputFileListPaths = (
				"${PODS_ROOT}/Target Support Files/Pods-Photomorgana-PhotomorganaUITests/Pods-Photomorgana-PhotomorganaUITests-frameworks-${CONFIGURATION}-output-files.xcfilelist",
			);
			runOnlyForDeploymentPostprocessing = 0;
			shellPath = /bin/sh;
			shellScript = "\"${PODS_ROOT}/Target Support Files/Pods-Photomorgana-PhotomorganaUITests/Pods-Photomorgana-PhotomorganaUITests-frameworks.sh\"\n";
			showEnvVarsInLog = 0;
		};
/* End PBXShellScriptBuildPhase section */

/* Begin PBXSourcesBuildPhase section */
		0A0CF074246964540033BB4E /* Sources */ = {
			isa = PBXSourcesBuildPhase;
			buildActionMask = 2147483647;
			files = (
				0A0CF082246964540033BB4E /* SecondViewController.swift in Sources */,
				0A0CF080246964540033BB4E /* AtelierCollectionView.swift in Sources */,
				0A55FC122476A01D00605CF1 /* EditViewController.swift in Sources */,
				0A0CF0AE246967600033BB4E /* ThirdViewController.swift in Sources */,
				0A0CF07C246964540033BB4E /* AppDelegate.swift in Sources */,
				0A1236532476ECD4009F6EC1 /* BottomSheet.swift in Sources */,
				0A0CF07E246964540033BB4E /* SceneDelegate.swift in Sources */,
			);
			runOnlyForDeploymentPostprocessing = 0;
		};
		0A0CF08C246964560033BB4E /* Sources */ = {
			isa = PBXSourcesBuildPhase;
			buildActionMask = 2147483647;
			files = (
				0A0CF095246964560033BB4E /* PhotomorganaTests.swift in Sources */,
			);
			runOnlyForDeploymentPostprocessing = 0;
		};
		0A0CF097246964560033BB4E /* Sources */ = {
			isa = PBXSourcesBuildPhase;
			buildActionMask = 2147483647;
			files = (
				0A0CF0A0246964560033BB4E /* PhotomorganaUITests.swift in Sources */,
			);
			runOnlyForDeploymentPostprocessing = 0;
		};
/* End PBXSourcesBuildPhase section */

/* Begin PBXTargetDependency section */
		0A0CF092246964560033BB4E /* PBXTargetDependency */ = {
			isa = PBXTargetDependency;
			target = 0A0CF077246964540033BB4E /* Photomorgana */;
			targetProxy = 0A0CF091246964560033BB4E /* PBXContainerItemProxy */;
		};
		0A0CF09D246964560033BB4E /* PBXTargetDependency */ = {
			isa = PBXTargetDependency;
			target = 0A0CF077246964540033BB4E /* Photomorgana */;
			targetProxy = 0A0CF09C246964560033BB4E /* PBXContainerItemProxy */;
		};
/* End PBXTargetDependency section */

/* Begin PBXVariantGroup section */
		0A0CF088246964560033BB4E /* LaunchScreen.storyboard */ = {
			isa = PBXVariantGroup;
			children = (
				0A0CF089246964560033BB4E /* Base */,
			);
			name = LaunchScreen.storyboard;
			sourceTree = "<group>";
		};
/* End PBXVariantGroup section */

/* Begin XCBuildConfiguration section */
		0A0CF0A2246964560033BB4E /* Debug */ = {
			isa = XCBuildConfiguration;
			buildSettings = {
				ALWAYS_SEARCH_USER_PATHS = NO;
				CLANG_ANALYZER_NONNULL = YES;
				CLANG_ANALYZER_NUMBER_OBJECT_CONVERSION = YES_AGGRESSIVE;
				CLANG_CXX_LANGUAGE_STANDARD = "gnu++14";
				CLANG_CXX_LIBRARY = "libc++";
				CLANG_ENABLE_MODULES = YES;
				CLANG_ENABLE_OBJC_ARC = YES;
				CLANG_ENABLE_OBJC_WEAK = YES;
				CLANG_WARN_BLOCK_CAPTURE_AUTORELEASING = YES;
				CLANG_WARN_BOOL_CONVERSION = YES;
				CLANG_WARN_COMMA = YES;
				CLANG_WARN_CONSTANT_CONVERSION = YES;
				CLANG_WARN_DEPRECATED_OBJC_IMPLEMENTATIONS = YES;
				CLANG_WARN_DIRECT_OBJC_ISA_USAGE = YES_ERROR;
				CLANG_WARN_DOCUMENTATION_COMMENTS = YES;
				CLANG_WARN_EMPTY_BODY = YES;
				CLANG_WARN_ENUM_CONVERSION = YES;
				CLANG_WARN_INFINITE_RECURSION = YES;
				CLANG_WARN_INT_CONVERSION = YES;
				CLANG_WARN_NON_LITERAL_NULL_CONVERSION = YES;
				CLANG_WARN_OBJC_IMPLICIT_RETAIN_SELF = YES;
				CLANG_WARN_OBJC_LITERAL_CONVERSION = YES;
				CLANG_WARN_OBJC_ROOT_CLASS = YES_ERROR;
				CLANG_WARN_RANGE_LOOP_ANALYSIS = YES;
				CLANG_WARN_STRICT_PROTOTYPES = YES;
				CLANG_WARN_SUSPICIOUS_MOVE = YES;
				CLANG_WARN_UNGUARDED_AVAILABILITY = YES_AGGRESSIVE;
				CLANG_WARN_UNREACHABLE_CODE = YES;
				CLANG_WARN__DUPLICATE_METHOD_MATCH = YES;
				COPY_PHASE_STRIP = NO;
				DEBUG_INFORMATION_FORMAT = dwarf;
				ENABLE_STRICT_OBJC_MSGSEND = YES;
				ENABLE_TESTABILITY = YES;
				GCC_C_LANGUAGE_STANDARD = gnu11;
				GCC_DYNAMIC_NO_PIC = NO;
				GCC_NO_COMMON_BLOCKS = YES;
				GCC_OPTIMIZATION_LEVEL = 0;
				GCC_PREPROCESSOR_DEFINITIONS = (
					"DEBUG=1",
					"$(inherited)",
				);
				GCC_WARN_64_TO_32_BIT_CONVERSION = YES;
				GCC_WARN_ABOUT_RETURN_TYPE = YES_ERROR;
				GCC_WARN_UNDECLARED_SELECTOR = YES;
				GCC_WARN_UNINITIALIZED_AUTOS = YES_AGGRESSIVE;
				GCC_WARN_UNUSED_FUNCTION = YES;
				GCC_WARN_UNUSED_VARIABLE = YES;
				IPHONEOS_DEPLOYMENT_TARGET = 13.4;
				MTL_ENABLE_DEBUG_INFO = INCLUDE_SOURCE;
				MTL_FAST_MATH = YES;
				ONLY_ACTIVE_ARCH = YES;
				SDKROOT = iphoneos;
				SWIFT_ACTIVE_COMPILATION_CONDITIONS = DEBUG;
				SWIFT_OPTIMIZATION_LEVEL = "-Onone";
			};
			name = Debug;
		};
		0A0CF0A3246964560033BB4E /* Release */ = {
			isa = XCBuildConfiguration;
			buildSettings = {
				ALWAYS_SEARCH_USER_PATHS = NO;
				CLANG_ANALYZER_NONNULL = YES;
				CLANG_ANALYZER_NUMBER_OBJECT_CONVERSION = YES_AGGRESSIVE;
				CLANG_CXX_LANGUAGE_STANDARD = "gnu++14";
				CLANG_CXX_LIBRARY = "libc++";
				CLANG_ENABLE_MODULES = YES;
				CLANG_ENABLE_OBJC_ARC = YES;
				CLANG_ENABLE_OBJC_WEAK = YES;
				CLANG_WARN_BLOCK_CAPTURE_AUTORELEASING = YES;
				CLANG_WARN_BOOL_CONVERSION = YES;
				CLANG_WARN_COMMA = YES;
				CLANG_WARN_CONSTANT_CONVERSION = YES;
				CLANG_WARN_DEPRECATED_OBJC_IMPLEMENTATIONS = YES;
				CLANG_WARN_DIRECT_OBJC_ISA_USAGE = YES_ERROR;
				CLANG_WARN_DOCUMENTATION_COMMENTS = YES;
				CLANG_WARN_EMPTY_BODY = YES;
				CLANG_WARN_ENUM_CONVERSION = YES;
				CLANG_WARN_INFINITE_RECURSION = YES;
				CLANG_WARN_INT_CONVERSION = YES;
				CLANG_WARN_NON_LITERAL_NULL_CONVERSION = YES;
				CLANG_WARN_OBJC_IMPLICIT_RETAIN_SELF = YES;
				CLANG_WARN_OBJC_LITERAL_CONVERSION = YES;
				CLANG_WARN_OBJC_ROOT_CLASS = YES_ERROR;
				CLANG_WARN_RANGE_LOOP_ANALYSIS = YES;
				CLANG_WARN_STRICT_PROTOTYPES = YES;
				CLANG_WARN_SUSPICIOUS_MOVE = YES;
				CLANG_WARN_UNGUARDED_AVAILABILITY = YES_AGGRESSIVE;
				CLANG_WARN_UNREACHABLE_CODE = YES;
				CLANG_WARN__DUPLICATE_METHOD_MATCH = YES;
				COPY_PHASE_STRIP = NO;
				DEBUG_INFORMATION_FORMAT = "dwarf-with-dsym";
				ENABLE_NS_ASSERTIONS = NO;
				ENABLE_STRICT_OBJC_MSGSEND = YES;
				GCC_C_LANGUAGE_STANDARD = gnu11;
				GCC_NO_COMMON_BLOCKS = YES;
				GCC_WARN_64_TO_32_BIT_CONVERSION = YES;
				GCC_WARN_ABOUT_RETURN_TYPE = YES_ERROR;
				GCC_WARN_UNDECLARED_SELECTOR = YES;
				GCC_WARN_UNINITIALIZED_AUTOS = YES_AGGRESSIVE;
				GCC_WARN_UNUSED_FUNCTION = YES;
				GCC_WARN_UNUSED_VARIABLE = YES;
				IPHONEOS_DEPLOYMENT_TARGET = 13.4;
				MTL_ENABLE_DEBUG_INFO = NO;
				MTL_FAST_MATH = YES;
				SDKROOT = iphoneos;
				SWIFT_COMPILATION_MODE = wholemodule;
				SWIFT_OPTIMIZATION_LEVEL = "-O";
				VALIDATE_PRODUCT = YES;
			};
			name = Release;
		};
		0A0CF0A5246964560033BB4E /* Debug */ = {
			isa = XCBuildConfiguration;
			baseConfigurationReference = AB65C04F08212E45DF3706EE /* Pods-Photomorgana.debug.xcconfig */;
			buildSettings = {
				ASSETCATALOG_COMPILER_APPICON_NAME = AppIcon;
				CODE_SIGN_ENTITLEMENTS = Photomorgana/Photomorgana.entitlements;
				CODE_SIGN_IDENTITY = "Apple Development";
				CODE_SIGN_STYLE = Automatic;
				DEVELOPMENT_TEAM = B4RJ84758R;
				INFOPLIST_FILE = Photomorgana/Info.plist;
				LD_RUNPATH_SEARCH_PATHS = (
					"$(inherited)",
					"@executable_path/Frameworks",
				);
				PRODUCT_BUNDLE_IDENTIFIER = hilmy.Photomorgana;
				PRODUCT_NAME = "$(TARGET_NAME)";
				PROVISIONING_PROFILE_SPECIFIER = "";
				SWIFT_VERSION = 5.0;
				TARGETED_DEVICE_FAMILY = "1,2";
			};
			name = Debug;
		};
		0A0CF0A6246964560033BB4E /* Release */ = {
			isa = XCBuildConfiguration;
			baseConfigurationReference = C4F69572F4C0962F7A9A2A8A /* Pods-Photomorgana.release.xcconfig */;
			buildSettings = {
				ASSETCATALOG_COMPILER_APPICON_NAME = AppIcon;
				CODE_SIGN_ENTITLEMENTS = Photomorgana/Photomorgana.entitlements;
				CODE_SIGN_IDENTITY = "Apple Development";
				CODE_SIGN_STYLE = Automatic;
				DEVELOPMENT_TEAM = B4RJ84758R;
				INFOPLIST_FILE = Photomorgana/Info.plist;
				LD_RUNPATH_SEARCH_PATHS = (
					"$(inherited)",
					"@executable_path/Frameworks",
				);
				PRODUCT_BUNDLE_IDENTIFIER = hilmy.Photomorgana;
				PRODUCT_NAME = "$(TARGET_NAME)";
				PROVISIONING_PROFILE_SPECIFIER = "";
				SWIFT_VERSION = 5.0;
				TARGETED_DEVICE_FAMILY = "1,2";
			};
			name = Release;
		};
		0A0CF0A8246964560033BB4E /* Debug */ = {
			isa = XCBuildConfiguration;
			baseConfigurationReference = C8E2B3514FE581FB0DC52C13 /* Pods-PhotomorganaTests.debug.xcconfig */;
			buildSettings = {
				ALWAYS_EMBED_SWIFT_STANDARD_LIBRARIES = YES;
				BUNDLE_LOADER = "$(TEST_HOST)";
				CODE_SIGN_STYLE = Automatic;
				DEVELOPMENT_TEAM = B4RJ84758R;
				INFOPLIST_FILE = PhotomorganaTests/Info.plist;
				IPHONEOS_DEPLOYMENT_TARGET = 13.4;
				LD_RUNPATH_SEARCH_PATHS = (
					"$(inherited)",
					"@executable_path/Frameworks",
					"@loader_path/Frameworks",
				);
				PRODUCT_BUNDLE_IDENTIFIER = hilmy.PhotomorganaTests;
				PRODUCT_NAME = "$(TARGET_NAME)";
				SWIFT_VERSION = 5.0;
				TARGETED_DEVICE_FAMILY = "1,2";
				TEST_HOST = "$(BUILT_PRODUCTS_DIR)/Photomorgana.app/Photomorgana";
			};
			name = Debug;
		};
		0A0CF0A9246964560033BB4E /* Release */ = {
			isa = XCBuildConfiguration;
			baseConfigurationReference = 16A68E7B1FE807D5C1ED31C8 /* Pods-PhotomorganaTests.release.xcconfig */;
			buildSettings = {
				ALWAYS_EMBED_SWIFT_STANDARD_LIBRARIES = YES;
				BUNDLE_LOADER = "$(TEST_HOST)";
				CODE_SIGN_STYLE = Automatic;
				DEVELOPMENT_TEAM = B4RJ84758R;
				INFOPLIST_FILE = PhotomorganaTests/Info.plist;
				IPHONEOS_DEPLOYMENT_TARGET = 13.4;
				LD_RUNPATH_SEARCH_PATHS = (
					"$(inherited)",
					"@executable_path/Frameworks",
					"@loader_path/Frameworks",
				);
				PRODUCT_BUNDLE_IDENTIFIER = hilmy.PhotomorganaTests;
				PRODUCT_NAME = "$(TARGET_NAME)";
				SWIFT_VERSION = 5.0;
				TARGETED_DEVICE_FAMILY = "1,2";
				TEST_HOST = "$(BUILT_PRODUCTS_DIR)/Photomorgana.app/Photomorgana";
			};
			name = Release;
		};
		0A0CF0AB246964560033BB4E /* Debug */ = {
			isa = XCBuildConfiguration;
			baseConfigurationReference = C2635DFC224FAB1B1050873C /* Pods-Photomorgana-PhotomorganaUITests.debug.xcconfig */;
			buildSettings = {
				ALWAYS_EMBED_SWIFT_STANDARD_LIBRARIES = YES;
				CODE_SIGN_STYLE = Automatic;
				DEVELOPMENT_TEAM = B4RJ84758R;
				INFOPLIST_FILE = PhotomorganaUITests/Info.plist;
				LD_RUNPATH_SEARCH_PATHS = (
					"$(inherited)",
					"@executable_path/Frameworks",
					"@loader_path/Frameworks",
				);
				PRODUCT_BUNDLE_IDENTIFIER = hilmy.PhotomorganaUITests;
				PRODUCT_NAME = "$(TARGET_NAME)";
				SWIFT_VERSION = 5.0;
				TARGETED_DEVICE_FAMILY = "1,2";
				TEST_TARGET_NAME = Photomorgana;
			};
			name = Debug;
		};
		0A0CF0AC246964560033BB4E /* Release */ = {
			isa = XCBuildConfiguration;
			baseConfigurationReference = BEFE2117D243E03BD5C42C52 /* Pods-Photomorgana-PhotomorganaUITests.release.xcconfig */;
			buildSettings = {
				ALWAYS_EMBED_SWIFT_STANDARD_LIBRARIES = YES;
				CODE_SIGN_STYLE = Automatic;
				DEVELOPMENT_TEAM = B4RJ84758R;
				INFOPLIST_FILE = PhotomorganaUITests/Info.plist;
				LD_RUNPATH_SEARCH_PATHS = (
					"$(inherited)",
					"@executable_path/Frameworks",
					"@loader_path/Frameworks",
				);
				PRODUCT_BUNDLE_IDENTIFIER = hilmy.PhotomorganaUITests;
				PRODUCT_NAME = "$(TARGET_NAME)";
				SWIFT_VERSION = 5.0;
				TARGETED_DEVICE_FAMILY = "1,2";
				TEST_TARGET_NAME = Photomorgana;
			};
			name = Release;
		};
/* End XCBuildConfiguration section */

/* Begin XCConfigurationList section */
		0A0CF073246964540033BB4E /* Build configuration list for PBXProject "Photomorgana" */ = {
			isa = XCConfigurationList;
			buildConfigurations = (
				0A0CF0A2246964560033BB4E /* Debug */,
				0A0CF0A3246964560033BB4E /* Release */,
			);
			defaultConfigurationIsVisible = 0;
			defaultConfigurationName = Release;
		};
		0A0CF0A4246964560033BB4E /* Build configuration list for PBXNativeTarget "Photomorgana" */ = {
			isa = XCConfigurationList;
			buildConfigurations = (
				0A0CF0A5246964560033BB4E /* Debug */,
				0A0CF0A6246964560033BB4E /* Release */,
			);
			defaultConfigurationIsVisible = 0;
			defaultConfigurationName = Release;
		};
		0A0CF0A7246964560033BB4E /* Build configuration list for PBXNativeTarget "PhotomorganaTests" */ = {
			isa = XCConfigurationList;
			buildConfigurations = (
				0A0CF0A8246964560033BB4E /* Debug */,
				0A0CF0A9246964560033BB4E /* Release */,
			);
			defaultConfigurationIsVisible = 0;
			defaultConfigurationName = Release;
		};
		0A0CF0AA246964560033BB4E /* Build configuration list for PBXNativeTarget "PhotomorganaUITests" */ = {
			isa = XCConfigurationList;
			buildConfigurations = (
				0A0CF0AB246964560033BB4E /* Debug */,
				0A0CF0AC246964560033BB4E /* Release */,
			);
			defaultConfigurationIsVisible = 0;
			defaultConfigurationName = Release;
		};
/* End XCConfigurationList section */
	};
	rootObject = 0A0CF070246964540033BB4E /* Project object */;
}
